
Microsoft Visual Studio Solution File, Format Version 12.00
# Visual Studio Version 16
VisualStudioVersion = 16.0.30204.135
MinimumVisualStudioVersion = 10.0.40219.1
Project("{9A19103F-16F7-4668-BE54-9A1E7A4F7556}") = "PowerRequest", "PowerRequest\PowerRequest.csproj", "{55DD4C20-BE06-4E36-AB20-CA08E60FFF84}"
EndProject
Project("{D954291E-2A0B-460D-934E-DC6B0785DB48}") = "WinApiNativeMethods", "WinApiNativeMethods\WinApiNativeMethods.shproj", "{6B03BBD5-F08F-4C3D-AC7F-2826958ABFE4}"
EndProject
Global
	GlobalSection(SharedMSBuildProjectFiles) = preSolution
		WinApiNativeMethods\WinApiNativeMethods.projitems*{55dd4c20-be06-4e36-ab20-ca08e60fff84}*SharedItemsImports = 5
		WinApiNativeMethods\WinApiNativeMethods.projitems*{6b03bbd5-f08f-4c3d-ac7f-2826958abfe4}*SharedItemsImports = 13
	EndGlobalSection
	GlobalSection(SolutionConfigurationPlatforms) = preSolution
		Debug|Any CPU = Debug|Any CPU
		Release|Any CPU = Release|Any CPU
	EndGlobalSection
	GlobalSection(ProjectConfigurationPlatforms) = postSolution
		{55DD4C20-BE06-4E36-AB20-CA08E60FFF84}.Debug|Any CPU.ActiveCfg = Debug|Any CPU
		{55DD4C20-BE06-4E36-AB20-CA08E60FFF84}.Debug|Any CPU.Build.0 = Debug|Any CPU
		{55DD4C20-BE06-4E36-AB20-CA08E60FFF84}.Release|Any CPU.ActiveCfg = Release|Any CPU
		{55DD4C20-BE06-4E36-AB20-CA08E60FFF84}.Release|Any CPU.Build.0 = Release|Any CPU
	EndGlobalSection
	GlobalSection(SolutionProperties) = preSolution
		HideSolutionNode = FALSE
	EndGlobalSection
	GlobalSection(ExtensibilityGlobals) = postSolution
		SolutionGuid = {A8368CA9-072F-4AD2-8DA8-72B60C9023DA}
	EndGlobalSection
EndGlobal
